
Microsoft Visual Studio Solution File, Format Version 12.00
# Visual Studio Version 16
VisualStudioVersion = 16.0.30011.22
MinimumVisualStudioVersion = 10.0.40219.1
Project("{FAE04EC0-301F-11D3-BF4B-00C04F79EFBC}") = "CtrlFDialog", "CtrlFDialog\CtrlFDialog.csproj", "{9A7172E0-EAEE-4989-9B3E-A078E46AD729}"
EndProject
Project("{FAE04EC0-301F-11D3-BF4B-00C04F79EFBC}") = "CtrlFLib", "CtrlFLib\CtrlFLib.csproj", "{CEADFF50-00D7-41BB-90DB-ABE93CB184F5}"
EndProject
Global
	GlobalSection(SolutionConfigurationPlatforms) = preSolution
		Debug|Any CPU = Debug|Any CPU
		Release|Any CPU = Release|Any CPU
	EndGlobalSection
	GlobalSection(ProjectConfigurationPlatforms) = postSolution
		{9A7172E0-EAEE-4989-9B3E-A078E46AD729}.Debug|Any CPU.ActiveCfg = Debug|Any CPU
		{9A7172E0-EAEE-4989-9B3E-A078E46AD729}.Debug|Any CPU.Build.0 = Debug|Any CPU
		{9A7172E0-EAEE-4989-9B3E-A078E46AD729}.Release|Any CPU.ActiveCfg = Release|Any CPU
		{9A7172E0-EAEE-4989-9B3E-A078E46AD729}.Release|Any CPU.Build.0 = Release|Any CPU
		{CEADFF50-00D7-41BB-90DB-ABE93CB184F5}.Debug|Any CPU.ActiveCfg = Debug|Any CPU
		{CEADFF50-00D7-41BB-90DB-ABE93CB184F5}.Debug|Any CPU.Build.0 = Debug|Any CPU
		{CEADFF50-00D7-41BB-90DB-ABE93CB184F5}.Release|Any CPU.ActiveCfg = Release|Any CPU
		{CEADFF50-00D7-41BB-90DB-ABE93CB184F5}.Release|Any CPU.Build.0 = Release|Any CPU
	EndGlobalSection
	GlobalSection(SolutionProperties) = preSolution
		HideSolutionNode = FALSE
	EndGlobalSection
	GlobalSection(ExtensibilityGlobals) = postSolution
		SolutionGuid = {B838639B-85E8-4BA0-BE1F-B0E41BE0F111}
	EndGlobalSection
EndGlobal
